
Microsoft Visual Studio Solution File, Format Version 11.00
# Visual Studio 2010
Project("{FAE04EC0-301F-11D3-BF4B-00C04F79EFBC}") = "CaliburnMicroDemos.Demo2.NavigationService", "CaliburnMicroDemos.Demo2.NavigationService\CaliburnMicroDemos.Demo2.NavigationService.csproj", "{72B210E5-D565-4628-8AC2-E54EBB01BB3A}"
EndProject
Global
	GlobalSection(SolutionConfigurationPlatforms) = preSolution
		Debug|Any CPU = Debug|Any CPU
		Release|Any CPU = Release|Any CPU
	EndGlobalSection
	GlobalSection(ProjectConfigurationPlatforms) = postSolution
		{72B210E5-D565-4628-8AC2-E54EBB01BB3A}.Debug|Any CPU.ActiveCfg = Debug|Any CPU
		{72B210E5-D565-4628-8AC2-E54EBB01BB3A}.Debug|Any CPU.Build.0 = Debug|Any CPU
		{72B210E5-D565-4628-8AC2-E54EBB01BB3A}.Debug|Any CPU.Deploy.0 = Debug|Any CPU
		{72B210E5-D565-4628-8AC2-E54EBB01BB3A}.Release|Any CPU.ActiveCfg = Release|Any CPU
		{72B210E5-D565-4628-8AC2-E54EBB01BB3A}.Release|Any CPU.Build.0 = Release|Any CPU
		{72B210E5-D565-4628-8AC2-E54EBB01BB3A}.Release|Any CPU.Deploy.0 = Release|Any CPU
	EndGlobalSection
	GlobalSection(SolutionProperties) = preSolution
		HideSolutionNode = FALSE
	EndGlobalSection
EndGlobal
