
Microsoft Visual Studio Solution File, Format Version 12.00
# Visual Studio 2012
Project("{FAE04EC0-301F-11D3-BF4B-00C04F79EFBC}") = "CaliburnMicroDemos.Demo5.CustomService", "CaliburnMicroDemos.Demo5.CustomService\CaliburnMicroDemos.Demo5.CustomService.csproj", "{84EDB83E-73AA-40BB-8775-0670E76168C4}"
EndProject
Project("{2150E333-8FDC-42A3-9474-1A3956D46DE8}") = ".nuget", ".nuget", "{2333A6C0-215D-42C1-8EE1-F6EC39DADE45}"
	ProjectSection(SolutionItems) = preProject
		.nuget\NuGet.Config = .nuget\NuGet.Config
		.nuget\NuGet.exe = .nuget\NuGet.exe
		.nuget\NuGet.targets = .nuget\NuGet.targets
	EndProjectSection
EndProject
Project("{FAE04EC0-301F-11D3-BF4B-00C04F79EFBC}") = "CaliburnMicroDemos.Demo5.CustomServiceComplete", "CaliburnMicroDemos.Demo5.CustomServiceComplete\CaliburnMicroDemos.Demo5.CustomServiceComplete.csproj", "{B3CBB7BA-A698-4366-A596-371BEF71E833}"
EndProject
Global
	GlobalSection(SolutionConfigurationPlatforms) = preSolution
		Debug|Any CPU = Debug|Any CPU
		Release|Any CPU = Release|Any CPU
	EndGlobalSection
	GlobalSection(ProjectConfigurationPlatforms) = postSolution
		{84EDB83E-73AA-40BB-8775-0670E76168C4}.Debug|Any CPU.ActiveCfg = Debug|Any CPU
		{84EDB83E-73AA-40BB-8775-0670E76168C4}.Debug|Any CPU.Build.0 = Debug|Any CPU
		{84EDB83E-73AA-40BB-8775-0670E76168C4}.Debug|Any CPU.Deploy.0 = Debug|Any CPU
		{84EDB83E-73AA-40BB-8775-0670E76168C4}.Release|Any CPU.ActiveCfg = Release|Any CPU
		{84EDB83E-73AA-40BB-8775-0670E76168C4}.Release|Any CPU.Build.0 = Release|Any CPU
		{84EDB83E-73AA-40BB-8775-0670E76168C4}.Release|Any CPU.Deploy.0 = Release|Any CPU
		{B3CBB7BA-A698-4366-A596-371BEF71E833}.Debug|Any CPU.ActiveCfg = Debug|Any CPU
		{B3CBB7BA-A698-4366-A596-371BEF71E833}.Debug|Any CPU.Build.0 = Debug|Any CPU
		{B3CBB7BA-A698-4366-A596-371BEF71E833}.Debug|Any CPU.Deploy.0 = Debug|Any CPU
		{B3CBB7BA-A698-4366-A596-371BEF71E833}.Release|Any CPU.ActiveCfg = Release|Any CPU
		{B3CBB7BA-A698-4366-A596-371BEF71E833}.Release|Any CPU.Build.0 = Release|Any CPU
		{B3CBB7BA-A698-4366-A596-371BEF71E833}.Release|Any CPU.Deploy.0 = Release|Any CPU
	EndGlobalSection
	GlobalSection(SolutionProperties) = preSolution
		HideSolutionNode = FALSE
	EndGlobalSection
EndGlobal
