
Microsoft Visual Studio Solution File, Format Version 12.00
# Visual Studio 2012
Project("{FAE04EC0-301F-11D3-BF4B-00C04F79EFBC}") = "CaliburnMicroDemos.Demo3.GuardingActions", "CaliburnMicroDemos.Demo3.GuardingActions\CaliburnMicroDemos.Demo3.GuardingActions.csproj", "{50590812-0E3C-48AF-A0F9-3846DDB6FB0B}"
EndProject
Project("{2150E333-8FDC-42A3-9474-1A3956D46DE8}") = ".nuget", ".nuget", "{A82C7089-ACC6-4FB0-8D33-6776313B13A6}"
	ProjectSection(SolutionItems) = preProject
		.nuget\NuGet.Config = .nuget\NuGet.Config
		.nuget\NuGet.exe = .nuget\NuGet.exe
		.nuget\NuGet.targets = .nuget\NuGet.targets
	EndProjectSection
EndProject
Project("{FAE04EC0-301F-11D3-BF4B-00C04F79EFBC}") = "CaliburnMicroDemos.Demo3.GuardingActionsComplete", "CaliburnMicroDemos.Demo3.GuardingActionsComplete\CaliburnMicroDemos.Demo3.GuardingActionsComplete.csproj", "{99B1A810-0E2B-4DE1-83B8-A7D25ACB115B}"
EndProject
Global
	GlobalSection(SolutionConfigurationPlatforms) = preSolution
		Debug|Any CPU = Debug|Any CPU
		Debug|ARM = Debug|ARM
		Debug|x86 = Debug|x86
		Release|Any CPU = Release|Any CPU
		Release|ARM = Release|ARM
		Release|x86 = Release|x86
	EndGlobalSection
	GlobalSection(ProjectConfigurationPlatforms) = postSolution
		{50590812-0E3C-48AF-A0F9-3846DDB6FB0B}.Debug|Any CPU.ActiveCfg = Debug|Any CPU
		{50590812-0E3C-48AF-A0F9-3846DDB6FB0B}.Debug|Any CPU.Build.0 = Debug|Any CPU
		{50590812-0E3C-48AF-A0F9-3846DDB6FB0B}.Debug|Any CPU.Deploy.0 = Debug|Any CPU
		{50590812-0E3C-48AF-A0F9-3846DDB6FB0B}.Debug|ARM.ActiveCfg = Debug|ARM
		{50590812-0E3C-48AF-A0F9-3846DDB6FB0B}.Debug|ARM.Build.0 = Debug|ARM
		{50590812-0E3C-48AF-A0F9-3846DDB6FB0B}.Debug|ARM.Deploy.0 = Debug|ARM
		{50590812-0E3C-48AF-A0F9-3846DDB6FB0B}.Debug|x86.ActiveCfg = Debug|x86
		{50590812-0E3C-48AF-A0F9-3846DDB6FB0B}.Debug|x86.Build.0 = Debug|x86
		{50590812-0E3C-48AF-A0F9-3846DDB6FB0B}.Debug|x86.Deploy.0 = Debug|x86
		{50590812-0E3C-48AF-A0F9-3846DDB6FB0B}.Release|Any CPU.ActiveCfg = Release|Any CPU
		{50590812-0E3C-48AF-A0F9-3846DDB6FB0B}.Release|Any CPU.Build.0 = Release|Any CPU
		{50590812-0E3C-48AF-A0F9-3846DDB6FB0B}.Release|Any CPU.Deploy.0 = Release|Any CPU
		{50590812-0E3C-48AF-A0F9-3846DDB6FB0B}.Release|ARM.ActiveCfg = Release|ARM
		{50590812-0E3C-48AF-A0F9-3846DDB6FB0B}.Release|ARM.Build.0 = Release|ARM
		{50590812-0E3C-48AF-A0F9-3846DDB6FB0B}.Release|ARM.Deploy.0 = Release|ARM
		{50590812-0E3C-48AF-A0F9-3846DDB6FB0B}.Release|x86.ActiveCfg = Release|x86
		{50590812-0E3C-48AF-A0F9-3846DDB6FB0B}.Release|x86.Build.0 = Release|x86
		{50590812-0E3C-48AF-A0F9-3846DDB6FB0B}.Release|x86.Deploy.0 = Release|x86
		{99B1A810-0E2B-4DE1-83B8-A7D25ACB115B}.Debug|Any CPU.ActiveCfg = Debug|Any CPU
		{99B1A810-0E2B-4DE1-83B8-A7D25ACB115B}.Debug|Any CPU.Build.0 = Debug|Any CPU
		{99B1A810-0E2B-4DE1-83B8-A7D25ACB115B}.Debug|Any CPU.Deploy.0 = Debug|Any CPU
		{99B1A810-0E2B-4DE1-83B8-A7D25ACB115B}.Debug|ARM.ActiveCfg = Debug|ARM
		{99B1A810-0E2B-4DE1-83B8-A7D25ACB115B}.Debug|ARM.Build.0 = Debug|ARM
		{99B1A810-0E2B-4DE1-83B8-A7D25ACB115B}.Debug|ARM.Deploy.0 = Debug|ARM
		{99B1A810-0E2B-4DE1-83B8-A7D25ACB115B}.Debug|x86.ActiveCfg = Debug|x86
		{99B1A810-0E2B-4DE1-83B8-A7D25ACB115B}.Debug|x86.Build.0 = Debug|x86
		{99B1A810-0E2B-4DE1-83B8-A7D25ACB115B}.Debug|x86.Deploy.0 = Debug|x86
		{99B1A810-0E2B-4DE1-83B8-A7D25ACB115B}.Release|Any CPU.ActiveCfg = Release|Any CPU
		{99B1A810-0E2B-4DE1-83B8-A7D25ACB115B}.Release|Any CPU.Build.0 = Release|Any CPU
		{99B1A810-0E2B-4DE1-83B8-A7D25ACB115B}.Release|Any CPU.Deploy.0 = Release|Any CPU
		{99B1A810-0E2B-4DE1-83B8-A7D25ACB115B}.Release|ARM.ActiveCfg = Release|ARM
		{99B1A810-0E2B-4DE1-83B8-A7D25ACB115B}.Release|ARM.Build.0 = Release|ARM
		{99B1A810-0E2B-4DE1-83B8-A7D25ACB115B}.Release|ARM.Deploy.0 = Release|ARM
		{99B1A810-0E2B-4DE1-83B8-A7D25ACB115B}.Release|x86.ActiveCfg = Release|x86
		{99B1A810-0E2B-4DE1-83B8-A7D25ACB115B}.Release|x86.Build.0 = Release|x86
		{99B1A810-0E2B-4DE1-83B8-A7D25ACB115B}.Release|x86.Deploy.0 = Release|x86
	EndGlobalSection
	GlobalSection(SolutionProperties) = preSolution
		HideSolutionNode = FALSE
	EndGlobalSection
EndGlobal
